
Microsoft Visual Studio Solution File, Format Version 12.00
# Visual Studio Version 17
VisualStudioVersion = 17.0.31903.59
MinimumVisualStudioVersion = 10.0.40219.1
Project("{6EC3EE1D-3C4E-46DD-8F32-0CC8E7565705}") = "MkLib", "MkLib\MkLib.fsproj", "{4D2C7DDC-E4CE-49A1-B629-2454F5A4F4F5}"
EndProject
Project("{6EC3EE1D-3C4E-46DD-8F32-0CC8E7565705}") = "MkWebHook", "MkWebHook\MkWebHook.fsproj", "{D53F596A-01A1-4267-A3A2-3B52FCE9A99C}"
EndProject
Project("{6EC3EE1D-3C4E-46DD-8F32-0CC8E7565705}") = "MkSaveNote", "MkSaveNote\MkSaveNote.fsproj", "{67EC5B50-81D6-42D1-8C8E-D548B8C0B187}"
EndProject
Project("{FAE04EC0-301F-11D3-BF4B-00C04F79EFBC}") = "MkDisplay", "MkDisplay\MkDisplay.fsproj", "{9D8798E0-1314-4F12-937A-94F5FB22B5A6}"
EndProject
Project("{6EC3EE1D-3C4E-46DD-8F32-0CC8E7565705}") = "MkJsonify", "MkJsonify\MkJsonify.fsproj", "{939CCAEA-A831-4298-9A55-587CCBE7BA3A}"
EndProject
Project("{2150E333-8FDC-42A3-9474-1A3956D46DE8}") = "Items", "Items", "{2C1E84FB-08F2-45C0-B7C8-8592FD8EFF2F}"
	ProjectSection(SolutionItems) = preProject
		..\.editorconfig = ..\.editorconfig
		.gcloudignore = .gcloudignore
		.gitignore = .gitignore
		..\.gitignore = ..\.gitignore
		api-description.Development.yml = api-description.Development.yml
		api-description.Production.yml = api-description.Production.yml
		deploy.ps1 = deploy.ps1
		..\global.json = ..\global.json
		README.md = README.md
		..\README.md = ..\README.md
	EndProjectSection
EndProject
Global
	GlobalSection(SolutionConfigurationPlatforms) = preSolution
		Debug|Any CPU = Debug|Any CPU
		Release|Any CPU = Release|Any CPU
	EndGlobalSection
	GlobalSection(ProjectConfigurationPlatforms) = postSolution
		{4D2C7DDC-E4CE-49A1-B629-2454F5A4F4F5}.Debug|Any CPU.ActiveCfg = Debug|Any CPU
		{4D2C7DDC-E4CE-49A1-B629-2454F5A4F4F5}.Debug|Any CPU.Build.0 = Debug|Any CPU
		{4D2C7DDC-E4CE-49A1-B629-2454F5A4F4F5}.Release|Any CPU.ActiveCfg = Release|Any CPU
		{4D2C7DDC-E4CE-49A1-B629-2454F5A4F4F5}.Release|Any CPU.Build.0 = Release|Any CPU
		{D53F596A-01A1-4267-A3A2-3B52FCE9A99C}.Debug|Any CPU.ActiveCfg = Debug|Any CPU
		{D53F596A-01A1-4267-A3A2-3B52FCE9A99C}.Debug|Any CPU.Build.0 = Debug|Any CPU
		{D53F596A-01A1-4267-A3A2-3B52FCE9A99C}.Release|Any CPU.ActiveCfg = Release|Any CPU
		{D53F596A-01A1-4267-A3A2-3B52FCE9A99C}.Release|Any CPU.Build.0 = Release|Any CPU
		{67EC5B50-81D6-42D1-8C8E-D548B8C0B187}.Debug|Any CPU.ActiveCfg = Debug|Any CPU
		{67EC5B50-81D6-42D1-8C8E-D548B8C0B187}.Debug|Any CPU.Build.0 = Debug|Any CPU
		{67EC5B50-81D6-42D1-8C8E-D548B8C0B187}.Release|Any CPU.ActiveCfg = Release|Any CPU
		{67EC5B50-81D6-42D1-8C8E-D548B8C0B187}.Release|Any CPU.Build.0 = Release|Any CPU
		{9D8798E0-1314-4F12-937A-94F5FB22B5A6}.Debug|Any CPU.ActiveCfg = Debug|Any CPU
		{9D8798E0-1314-4F12-937A-94F5FB22B5A6}.Debug|Any CPU.Build.0 = Debug|Any CPU
		{9D8798E0-1314-4F12-937A-94F5FB22B5A6}.Release|Any CPU.ActiveCfg = Release|Any CPU
		{9D8798E0-1314-4F12-937A-94F5FB22B5A6}.Release|Any CPU.Build.0 = Release|Any CPU
		{939CCAEA-A831-4298-9A55-587CCBE7BA3A}.Debug|Any CPU.ActiveCfg = Debug|Any CPU
		{939CCAEA-A831-4298-9A55-587CCBE7BA3A}.Debug|Any CPU.Build.0 = Debug|Any CPU
		{939CCAEA-A831-4298-9A55-587CCBE7BA3A}.Release|Any CPU.ActiveCfg = Release|Any CPU
		{939CCAEA-A831-4298-9A55-587CCBE7BA3A}.Release|Any CPU.Build.0 = Release|Any CPU
	EndGlobalSection
	GlobalSection(SolutionProperties) = preSolution
		HideSolutionNode = FALSE
	EndGlobalSection
EndGlobal
